
Microsoft Visual Studio Solution File, Format Version 12.00
# Visual Studio Version 17
VisualStudioVersion = 17.5.33627.172
MinimumVisualStudioVersion = 10.0.40219.1
Project("{FAE04EC0-301F-11D3-BF4B-00C04F79EFBC}") = "GymMembership", "GymMembership\GymMembership.csproj", "{61C697C3-950B-47A9-A760-68EFCCB4439D}"
EndProject
Global
	GlobalSection(SolutionConfigurationPlatforms) = preSolution
		Debug|Any CPU = Debug|Any CPU
		Release|Any CPU = Release|Any CPU
	EndGlobalSection
	GlobalSection(ProjectConfigurationPlatforms) = postSolution
		{61C697C3-950B-47A9-A760-68EFCCB4439D}.Debug|Any CPU.ActiveCfg = Debug|Any CPU
		{61C697C3-950B-47A9-A760-68EFCCB4439D}.Debug|Any CPU.Build.0 = Debug|Any CPU
		{61C697C3-950B-47A9-A760-68EFCCB4439D}.Release|Any CPU.ActiveCfg = Release|Any CPU
		{61C697C3-950B-47A9-A760-68EFCCB4439D}.Release|Any CPU.Build.0 = Release|Any CPU
	EndGlobalSection
	GlobalSection(SolutionProperties) = preSolution
		HideSolutionNode = FALSE
	EndGlobalSection
	GlobalSection(ExtensibilityGlobals) = postSolution
		SolutionGuid = {3E5FA546-E246-43BB-9A38-64BEFED3A410}
	EndGlobalSection
EndGlobal
